// !$*UTF8*$!
{
	archiveVersion = 1;
	classes = {
	};
	objectVersion = 50;
	objects = {

/* Begin PBXBuildFile section */
		19433BEF25F57F0000CD8BFC /* z_bankApp.swift in Sources */ = {isa = PBXBuildFile; fileRef = 19433BEE25F57F0000CD8BFC /* z_bankApp.swift */; };
		19433BF125F57F0000CD8BFC /* ContentView.swift in Sources */ = {isa = PBXBuildFile; fileRef = 19433BF025F57F0000CD8BFC /* ContentView.swift */; };
		19433BF325F57F0100CD8BFC /* Assets.xcassets in Resources */ = {isa = PBXBuildFile; fileRef = 19433BF225F57F0100CD8BFC /* Assets.xcassets */; };
		19433BF625F57F0100CD8BFC /* Preview Assets.xcassets in Resources */ = {isa = PBXBuildFile; fileRef = 19433BF525F57F0100CD8BFC /* Preview Assets.xcassets */; };
		19433BFF25F57F1700CD8BFC /* LoginView.swift in Sources */ = {isa = PBXBuildFile; fileRef = 19433BFE25F57F1700CD8BFC /* LoginView.swift */; };
		19433C0525F57F3600CD8BFC /* OverviewView.swift in Sources */ = {isa = PBXBuildFile; fileRef = 19433C0425F57F3600CD8BFC /* OverviewView.swift */; };
/* End PBXBuildFile section */

/* Begin PBXFileReference section */
		19433BEB25F57F0000CD8BFC /* z-bank.app */ = {isa = PBXFileReference; explicitFileType = wrapper.application; includeInIndex = 0; path = "z-bank.app"; sourceTree = BUILT_PRODUCTS_DIR; };
		19433BEE25F57F0000CD8BFC /* z_bankApp.swift */ = {isa = PBXFileReference; lastKnownFileType = sourcecode.swift; path = z_bankApp.swift; sourceTree = "<group>"; };
		19433BF025F57F0000CD8BFC /* ContentView.swift */ = {isa = PBXFileReference; lastKnownFileType = sourcecode.swift; path = ContentView.swift; sourceTree = "<group>"; };
		19433BF225F57F0100CD8BFC /* Assets.xcassets */ = {isa = PBXFileReference; lastKnownFileType = folder.assetcatalog; path = Assets.xcassets; sourceTree = "<group>"; };
		19433BF525F57F0100CD8BFC /* Preview Assets.xcassets */ = {isa = PBXFileReference; lastKnownFileType = folder.assetcatalog; path = "Preview Assets.xcassets"; sourceTree = "<group>"; };
		19433BF725F57F0100CD8BFC /* Info.plist */ = {isa = PBXFileReference; lastKnownFileType = text.plist.xml; path = Info.plist; sourceTree = "<group>"; };
		19433BFE25F57F1700CD8BFC /* LoginView.swift */ = {isa = PBXFileReference; lastKnownFileType = sourcecode.swift; path = LoginView.swift; sourceTree = "<group>"; };
		19433C0425F57F3600CD8BFC /* OverviewView.swift */ = {isa = PBXFileReference; lastKnownFileType = sourcecode.swift; path = OverviewView.swift; sourceTree = "<group>"; };
/* End PBXFileReference section */

/* Begin PBXFrameworksBuildPhase section */
		19433BE825F57F0000CD8BFC /* Frameworks */ = {
			isa = PBXFrameworksBuildPhase;
			buildActionMask = 2147483647;
			files = (
			);
			runOnlyForDeploymentPostprocessing = 0;
		};
/* End PBXFrameworksBuildPhase section */

/* Begin PBXGroup section */
		19433BE225F57F0000CD8BFC = {
			isa = PBXGroup;
			children = (
				19433BED25F57F0000CD8BFC /* z-bank */,
				19433BEC25F57F0000CD8BFC /* Products */,
			);
			sourceTree = "<group>";
		};
		19433BEC25F57F0000CD8BFC /* Products */ = {
			isa = PBXGroup;
			children = (
				19433BEB25F57F0000CD8BFC /* z-bank.app */,
			);
			name = Products;
			sourceTree = "<group>";
		};
		19433BED25F57F0000CD8BFC /* z-bank */ = {
			isa = PBXGroup;
			children = (
				19433BEE25F57F0000CD8BFC /* z_bankApp.swift */,
				19433BF025F57F0000CD8BFC /* ContentView.swift */,
				19433BFE25F57F1700CD8BFC /* LoginView.swift */,
				19433C0425F57F3600CD8BFC /* OverviewView.swift */,
				19433BF225F57F0100CD8BFC /* Assets.xcassets */,
				19433BF725F57F0100CD8BFC /* Info.plist */,
				19433BF425F57F0100CD8BFC /* Preview Content */,
			);
			path = "z-bank";
			sourceTree = "<group>";
		};
		19433BF425F57F0100CD8BFC /* Preview Content */ = {
			isa = PBXGroup;
			children = (
				19433BF525F57F0100CD8BFC /* Preview Assets.xcassets */,
			);
			path = "Preview Content";
			sourceTree = "<group>";
		};
/* End PBXGroup section */

/* Begin PBXNativeTarget section */
		19433BEA25F57F0000CD8BFC /* z-bank */ = {
			isa = PBXNativeTarget;
			buildConfigurationList = 19433BFA25F57F0100CD8BFC /* Build configuration list for PBXNativeTarget "z-bank" */;
			buildPhases = (
				19433BE725F57F0000CD8BFC /* Sources */,
				19433BE825F57F0000CD8BFC /* Frameworks */,
				19433BE925F57F0000CD8BFC /* Resources */,
			);
			buildRules = (
			);
			dependencies = (
			);
			name = "z-bank";
			productName = "z-bank";
			productReference = 19433BEB25F57F0000CD8BFC /* z-bank.app */;
			productType = "com.apple.product-type.application";
		};
/* End PBXNativeTarget section */

/* Begin PBXProject section */
		19433BE325F57F0000CD8BFC /* Project object */ = {
			isa = PBXProject;
			attributes = {
				LastSwiftUpdateCheck = 1240;
				LastUpgradeCheck = 1240;
				TargetAttributes = {
					19433BEA25F57F0000CD8BFC = {
						CreatedOnToolsVersion = 12.4;
					};
				};
			};
			buildConfigurationList = 19433BE625F57F0000CD8BFC /* Build configuration list for PBXProject "z-bank" */;
			compatibilityVersion = "Xcode 9.3";
			developmentRegion = en;
			hasScannedForEncodings = 0;
			knownRegions = (
				en,
				Base,
			);
			mainGroup = 19433BE225F57F0000CD8BFC;
			productRefGroup = 19433BEC25F57F0000CD8BFC /* Products */;
			projectDirPath = "";
			projectRoot = "";
			targets = (
				19433BEA25F57F0000CD8BFC /* z-bank */,
			);
		};
/* End PBXProject section */

/* Begin PBXResourcesBuildPhase section */
		19433BE925F57F0000CD8BFC /* Resources */ = {
			isa = PBXResourcesBuildPhase;
			buildActionMask = 2147483647;
			files = (
				19433BF625F57F0100CD8BFC /* Preview Assets.xcassets in Resources */,
				19433BF325F57F0100CD8BFC /* Assets.xcassets in Resources */,
			);
			runOnlyForDeploymentPostprocessing = 0;
		};
/* End PBXResourcesBuildPhase section */

/* Begin PBXSourcesBuildPhase section */
		19433BE725F57F0000CD8BFC /* Sources */ = {
			isa = PBXSourcesBuildPhase;
			buildActionMask = 2147483647;
			files = (
				19433BFF25F57F1700CD8BFC /* LoginView.swift in Sources */,
				19433BF125F57F0000CD8BFC /* ContentView.swift in Sources */,
				19433BEF25F57F0000CD8BFC /* z_bankApp.swift in Sources */,
				19433C0525F57F3600CD8BFC /* OverviewView.swift in Sources */,
			);
			runOnlyForDeploymentPostprocessing = 0;
		};
/* End PBXSourcesBuildPhase section */

/* Begin XCBuildConfiguration section */
		19433BF825F57F0100CD8BFC /* Debug */ = {
			isa = XCBuildConfiguration;
			buildSettings = {
				ALWAYS_SEARCH_USER_PATHS = NO;
				CLANG_ANALYZER_NONNULL = YES;
				CLANG_ANALYZER_NUMBER_OBJECT_CONVERSION = YES_AGGRESSIVE;
				CLANG_CXX_LANGUAGE_STANDARD = "gnu++14";
				CLANG_CXX_LIBRARY = "libc++";
				CLANG_ENABLE_MODULES = YES;
				CLANG_ENABLE_OBJC_ARC = YES;
				CLANG_ENABLE_OBJC_WEAK = YES;
				CLANG_WARN_BLOCK_CAPTURE_AUTORELEASING = YES;
				CLANG_WARN_BOOL_CONVERSION = YES;
				CLANG_WARN_COMMA = YES;
				CLANG_WARN_CONSTANT_CONVERSION = YES;
				CLANG_WARN_DEPRECATED_OBJC_IMPLEMENTATIONS = YES;
				CLANG_WARN_DIRECT_OBJC_ISA_USAGE = YES_ERROR;
				CLANG_WARN_DOCUMENTATION_COMMENTS = YES;
				CLANG_WARN_EMPTY_BODY = YES;
				CLANG_WARN_ENUM_CONVERSION = YES;
				CLANG_WARN_INFINITE_RECURSION = YES;
				CLANG_WARN_INT_CONVERSION = YES;
				CLANG_WARN_NON_LITERAL_NULL_CONVERSION = YES;
				CLANG_WARN_OBJC_IMPLICIT_RETAIN_SELF = YES;
				CLANG_WARN_OBJC_LITERAL_CONVERSION = YES;
				CLANG_WARN_OBJC_ROOT_CLASS = YES_ERROR;
				CLANG_WARN_QUOTED_INCLUDE_IN_FRAMEWORK_HEADER = YES;
				CLANG_WARN_RANGE_LOOP_ANALYSIS = YES;
				CLANG_WARN_STRICT_PROTOTYPES = YES;
				CLANG_WARN_SUSPICIOUS_MOVE = YES;
				CLANG_WARN_UNGUARDED_AVAILABILITY = YES_AGGRESSIVE;
				CLANG_WARN_UNREACHABLE_CODE = YES;
				CLANG_WARN__DUPLICATE_METHOD_MATCH = YES;
				COPY_PHASE_STRIP = NO;
				DEBUG_INFORMATION_FORMAT = dwarf;
				ENABLE_STRICT_OBJC_MSGSEND = YES;
				ENABLE_TESTABILITY = YES;
				GCC_C_LANGUAGE_STANDARD = gnu11;
				GCC_DYNAMIC_NO_PIC = NO;
				GCC_NO_COMMON_BLOCKS = YES;
				GCC_OPTIMIZATION_LEVEL = 0;
				GCC_PREPROCESSOR_DEFINITIONS = (
					"DEBUG=1",
					"$(inherited)",
				);
				GCC_WARN_64_TO_32_BIT_CONVERSION = YES;
				GCC_WARN_ABOUT_RETURN_TYPE = YES_ERROR;
				GCC_WARN_UNDECLARED_SELECTOR = YES;
				GCC_WARN_UNINITIALIZED_AUTOS = YES_AGGRESSIVE;
				GCC_WARN_UNUSED_FUNCTION = YES;
				GCC_WARN_UNUSED_VARIABLE = YES;
				IPHONEOS_DEPLOYMENT_TARGET = 14.4;
				MTL_ENABLE_DEBUG_INFO = INCLUDE_SOURCE;
				MTL_FAST_MATH = YES;
				ONLY_ACTIVE_ARCH = YES;
				SDKROOT = iphoneos;
				SWIFT_ACTIVE_COMPILATION_CONDITIONS = DEBUG;
				SWIFT_OPTIMIZATION_LEVEL = "-Onone";
			};
			name = Debug;
		};
		19433BF925F57F0100CD8BFC /* Release */ = {
			isa = XCBuildConfiguration;
			buildSettings = {
				ALWAYS_SEARCH_USER_PATHS = NO;
				CLANG_ANALYZER_NONNULL = YES;
				CLANG_ANALYZER_NUMBER_OBJECT_CONVERSION = YES_AGGRESSIVE;
				CLANG_CXX_LANGUAGE_STANDARD = "gnu++14";
				CLANG_CXX_LIBRARY = "libc++";
				CLANG_ENABLE_MODULES = YES;
				CLANG_ENABLE_OBJC_ARC = YES;
				CLANG_ENABLE_OBJC_WEAK = YES;
				CLANG_WARN_BLOCK_CAPTURE_AUTORELEASING = YES;
				CLANG_WARN_BOOL_CONVERSION = YES;
				CLANG_WARN_COMMA = YES;
				CLANG_WARN_CONSTANT_CONVERSION = YES;
				CLANG_WARN_DEPRECATED_OBJC_IMPLEMENTATIONS = YES;
				CLANG_WARN_DIRECT_OBJC_ISA_USAGE = YES_ERROR;
				CLANG_WARN_DOCUMENTATION_COMMENTS = YES;
				CLANG_WARN_EMPTY_BODY = YES;
				CLANG_WARN_ENUM_CONVERSION = YES;
				CLANG_WARN_INFINITE_RECURSION = YES;
				CLANG_WARN_INT_CONVERSION = YES;
				CLANG_WARN_NON_LITERAL_NULL_CONVERSION = YES;
				CLANG_WARN_OBJC_IMPLICIT_RETAIN_SELF = YES;
				CLANG_WARN_OBJC_LITERAL_CONVERSION = YES;
				CLANG_WARN_OBJC_ROOT_CLASS = YES_ERROR;
				CLANG_WARN_QUOTED_INCLUDE_IN_FRAMEWORK_HEADER = YES;
				CLANG_WARN_RANGE_LOOP_ANALYSIS = YES;
				CLANG_WARN_STRICT_PROTOTYPES = YES;
				CLANG_WARN_SUSPICIOUS_MOVE = YES;
				CLANG_WARN_UNGUARDED_AVAILABILITY = YES_AGGRESSIVE;
				CLANG_WARN_UNREACHABLE_CODE = YES;
				CLANG_WARN__DUPLICATE_METHOD_MATCH = YES;
				COPY_PHASE_STRIP = NO;
				DEBUG_INFORMATION_FORMAT = "dwarf-with-dsym";
				ENABLE_NS_ASSERTIONS = NO;
				ENABLE_STRICT_OBJC_MSGSEND = YES;
				GCC_C_LANGUAGE_STANDARD = gnu11;
				GCC_NO_COMMON_BLOCKS = YES;
				GCC_WARN_64_TO_32_BIT_CONVERSION = YES;
				GCC_WARN_ABOUT_RETURN_TYPE = YES_ERROR;
				GCC_WARN_UNDECLARED_SELECTOR = YES;
				GCC_WARN_UNINITIALIZED_AUTOS = YES_AGGRESSIVE;
				GCC_WARN_UNUSED_FUNCTION = YES;
				GCC_WARN_UNUSED_VARIABLE = YES;
				IPHONEOS_DEPLOYMENT_TARGET = 14.4;
				MTL_ENABLE_DEBUG_INFO = NO;
				MTL_FAST_MATH = YES;
				SDKROOT = iphoneos;
				SWIFT_COMPILATION_MODE = wholemodule;
				SWIFT_OPTIMIZATION_LEVEL = "-O";
				VALIDATE_PRODUCT = YES;
			};
			name = Release;
		};
		19433BFB25F57F0100CD8BFC /* Debug */ = {
			isa = XCBuildConfiguration;
			buildSettings = {
				ASSETCATALOG_COMPILER_APPICON_NAME = AppIcon;
				ASSETCATALOG_COMPILER_GLOBAL_ACCENT_COLOR_NAME = AccentColor;
				CODE_SIGN_STYLE = Automatic;
				DEVELOPMENT_ASSET_PATHS = "\"z-bank/Preview Content\"";
				ENABLE_PREVIEWS = YES;
				INFOPLIST_FILE = "z-bank/Info.plist";
				IPHONEOS_DEPLOYMENT_TARGET = 14.0;
				LD_RUNPATH_SEARCH_PATHS = (
					"$(inherited)",
					"@executable_path/Frameworks",
				);
				PRODUCT_BUNDLE_IDENTIFIER = "com.philliplakis.z-bank";
				PRODUCT_NAME = "$(TARGET_NAME)";
				SWIFT_VERSION = 5.0;
				TARGETED_DEVICE_FAMILY = "1,2";
			};
			name = Debug;
		};
		19433BFC25F57F0100CD8BFC /* Release */ = {
			isa = XCBuildConfiguration;
			buildSettings = {
				ASSETCATALOG_COMPILER_APPICON_NAME = AppIcon;
				ASSETCATALOG_COMPILER_GLOBAL_ACCENT_COLOR_NAME = AccentColor;
				CODE_SIGN_STYLE = Automatic;
				DEVELOPMENT_ASSET_PATHS = "\"z-bank/Preview Content\"";
				ENABLE_PREVIEWS = YES;
				INFOPLIST_FILE = "z-bank/Info.plist";
				IPHONEOS_DEPLOYMENT_TARGET = 14.0;
				LD_RUNPATH_SEARCH_PATHS = (
					"$(inherited)",
					"@executable_path/Frameworks",
				);
				PRODUCT_BUNDLE_IDENTIFIER = "com.philliplakis.z-bank";
				PRODUCT_NAME = "$(TARGET_NAME)";
				SWIFT_VERSION = 5.0;
				TARGETED_DEVICE_FAMILY = "1,2";
			};
			name = Release;
		};
/* End XCBuildConfiguration section */

/* Begin XCConfigurationList section */
		19433BE625F57F0000CD8BFC /* Build configuration list for PBXProject "z-bank" */ = {
			isa = XCConfigurationList;
			buildConfigurations = (
				19433BF825F57F0100CD8BFC /* Debug */,
				19433BF925F57F0100CD8BFC /* Release */,
			);
			defaultConfigurationIsVisible = 0;
			defaultConfigurationName = Release;
		};
		19433BFA25F57F0100CD8BFC /* Build configuration list for PBXNativeTarget "z-bank" */ = {
			isa = XCConfigurationList;
			buildConfigurations = (
				19433BFB25F57F0100CD8BFC /* Debug */,
				19433BFC25F57F0100CD8BFC /* Release */,
			);
			defaultConfigurationIsVisible = 0;
			defaultConfigurationName = Release;
		};
/* End XCConfigurationList section */
	};
	rootObject = 19433BE325F57F0000CD8BFC /* Project object */;
}
